
Microsoft Visual Studio Solution File, Format Version 12.00
# Visual Studio 16
Project("{FAE04EC0-301F-11D3-BF4B-00C04F79EFBC}") = "Assembly-CSharp", "Assembly-CSharp.csproj", "{1A2F35F0-61D6-B74F-6E9F-5B326FAFD65D}"
EndProject
Project("{FAE04EC0-301F-11D3-BF4B-00C04F79EFBC}") = "Assembly-CSharp-firstpass", "Assembly-CSharp-firstpass.csproj", "{A38A5EF0-9810-3C9A-9F41-571C66BBC284}"
EndProject
Project("{FAE04EC0-301F-11D3-BF4B-00C04F79EFBC}") = "Assembly-CSharp-Editor-firstpass", "Assembly-CSharp-Editor-firstpass.csproj", "{D6ECCDC2-6CCD-8C55-DBE7-DCFA1A1FC114}"
EndProject
Global
	GlobalSection(SolutionConfigurationPlatforms) = preSolution
		Debug|Any CPU = Debug|Any CPU
		Release|Any CPU = Release|Any CPU
	EndGlobalSection
	GlobalSection(ProjectConfigurationPlatforms) = postSolution
		{1A2F35F0-61D6-B74F-6E9F-5B326FAFD65D}.Debug|Any CPU.ActiveCfg = Debug|Any CPU
		{1A2F35F0-61D6-B74F-6E9F-5B326FAFD65D}.Debug|Any CPU.Build.0 = Debug|Any CPU
		{1A2F35F0-61D6-B74F-6E9F-5B326FAFD65D}.Release|Any CPU.ActiveCfg = Release|Any CPU
		{1A2F35F0-61D6-B74F-6E9F-5B326FAFD65D}.Release|Any CPU.Build.0 = Release|Any CPU
		{A38A5EF0-9810-3C9A-9F41-571C66BBC284}.Debug|Any CPU.ActiveCfg = Debug|Any CPU
		{A38A5EF0-9810-3C9A-9F41-571C66BBC284}.Debug|Any CPU.Build.0 = Debug|Any CPU
		{A38A5EF0-9810-3C9A-9F41-571C66BBC284}.Release|Any CPU.ActiveCfg = Release|Any CPU
		{A38A5EF0-9810-3C9A-9F41-571C66BBC284}.Release|Any CPU.Build.0 = Release|Any CPU
		{D6ECCDC2-6CCD-8C55-DBE7-DCFA1A1FC114}.Debug|Any CPU.ActiveCfg = Debug|Any CPU
		{D6ECCDC2-6CCD-8C55-DBE7-DCFA1A1FC114}.Debug|Any CPU.Build.0 = Debug|Any CPU
		{D6ECCDC2-6CCD-8C55-DBE7-DCFA1A1FC114}.Release|Any CPU.ActiveCfg = Release|Any CPU
		{D6ECCDC2-6CCD-8C55-DBE7-DCFA1A1FC114}.Release|Any CPU.Build.0 = Release|Any CPU
	EndGlobalSection
	GlobalSection(SolutionProperties) = preSolution
		HideSolutionNode = FALSE
	EndGlobalSection
EndGlobal
